
Microsoft Visual Studio Solution File, Format Version 12.00
# Visual Studio Version 17
VisualStudioVersion = 17.2.32616.157
MinimumVisualStudioVersion = 10.0.40219.1
Project("{2150E333-8FDC-42A3-9474-1A3956D46DE8}") = "src", "src", "{1BA0BA5C-4525-41AB-8CFA-8774DDF56A34}"
EndProject
Project("{9A19103F-16F7-4668-BE54-9A1E7A4F7556}") = "EducationPortal.Domain", "EducationPortal.Domain\EducationPortal.Domain.csproj", "{22E60C51-6E24-4B49-86D0-CF354A188873}"
EndProject
Project("{9A19103F-16F7-4668-BE54-9A1E7A4F7556}") = "EducationPortal.Presentation", "EducationPortal.Presentation\EducationPortal.Presentation.csproj", "{8E674189-B786-4967-87D4-F4C55D49A021}"
	ProjectSection(ProjectDependencies) = postProject
		{BAC0EBE5-A121-427E-A270-C7243817F24E} = {BAC0EBE5-A121-427E-A270-C7243817F24E}
	EndProjectSection
EndProject
Project("{9A19103F-16F7-4668-BE54-9A1E7A4F7556}") = "EducationPortal.Application", "EducationPortal.Application\EducationPortal.Application.csproj", "{BAC0EBE5-A121-427E-A270-C7243817F24E}"
	ProjectSection(ProjectDependencies) = postProject
		{22E60C51-6E24-4B49-86D0-CF354A188873} = {22E60C51-6E24-4B49-86D0-CF354A188873}
	EndProjectSection
EndProject
Project("{2150E333-8FDC-42A3-9474-1A3956D46DE8}") = "Solution Items", "Solution Items", "{D22312AA-75F2-4100-A81B-45FF0D638799}"
	ProjectSection(SolutionItems) = preProject
		.editorconfig = .editorconfig
	EndProjectSection
EndProject
Project("{9A19103F-16F7-4668-BE54-9A1E7A4F7556}") = "EducationPortal.Infrastructure.DB", "EducationPortal.Infrastructure.DB\EducationPortal.Infrastructure.DB.csproj", "{EBA1FBAE-7C67-44D6-B836-151C0ADE122E}"
EndProject
Project("{9A19103F-16F7-4668-BE54-9A1E7A4F7556}") = "EducationPortal.Infrustucture.FileSystem", "EducationPortal.Infrustucture.FileSystem\EducationPortal.Infrustucture.FileSystem.csproj", "{9B3C99D1-F306-4981-9992-E96BFECAAC93}"
EndProject
Project("{9A19103F-16F7-4668-BE54-9A1E7A4F7556}") = "EducationPortal.UI", "EducationPortal.UI\EducationPortal.UI.csproj", "{89B71EE2-5AC0-4A62-B9D8-8F372D77C118}"
EndProject
Project("{FAE04EC0-301F-11D3-BF4B-00C04F79EFBC}") = "EducationPortal.Web.UI", "EducationPortal.Web.UI\EducationPortal.Web.UI.csproj", "{D5786532-969B-48D7-80CB-3DC58928F77F}"
EndProject
Global
	GlobalSection(SolutionConfigurationPlatforms) = preSolution
		Debug|Any CPU = Debug|Any CPU
		Release|Any CPU = Release|Any CPU
	EndGlobalSection
	GlobalSection(ProjectConfigurationPlatforms) = postSolution
		{22E60C51-6E24-4B49-86D0-CF354A188873}.Debug|Any CPU.ActiveCfg = Debug|Any CPU
		{22E60C51-6E24-4B49-86D0-CF354A188873}.Debug|Any CPU.Build.0 = Debug|Any CPU
		{22E60C51-6E24-4B49-86D0-CF354A188873}.Release|Any CPU.ActiveCfg = Release|Any CPU
		{22E60C51-6E24-4B49-86D0-CF354A188873}.Release|Any CPU.Build.0 = Release|Any CPU
		{8E674189-B786-4967-87D4-F4C55D49A021}.Debug|Any CPU.ActiveCfg = Debug|Any CPU
		{8E674189-B786-4967-87D4-F4C55D49A021}.Debug|Any CPU.Build.0 = Debug|Any CPU
		{8E674189-B786-4967-87D4-F4C55D49A021}.Release|Any CPU.ActiveCfg = Release|Any CPU
		{8E674189-B786-4967-87D4-F4C55D49A021}.Release|Any CPU.Build.0 = Release|Any CPU
		{BAC0EBE5-A121-427E-A270-C7243817F24E}.Debug|Any CPU.ActiveCfg = Debug|Any CPU
		{BAC0EBE5-A121-427E-A270-C7243817F24E}.Debug|Any CPU.Build.0 = Debug|Any CPU
		{BAC0EBE5-A121-427E-A270-C7243817F24E}.Release|Any CPU.ActiveCfg = Release|Any CPU
		{BAC0EBE5-A121-427E-A270-C7243817F24E}.Release|Any CPU.Build.0 = Release|Any CPU
		{EBA1FBAE-7C67-44D6-B836-151C0ADE122E}.Debug|Any CPU.ActiveCfg = Debug|Any CPU
		{EBA1FBAE-7C67-44D6-B836-151C0ADE122E}.Debug|Any CPU.Build.0 = Debug|Any CPU
		{EBA1FBAE-7C67-44D6-B836-151C0ADE122E}.Release|Any CPU.ActiveCfg = Release|Any CPU
		{EBA1FBAE-7C67-44D6-B836-151C0ADE122E}.Release|Any CPU.Build.0 = Release|Any CPU
		{9B3C99D1-F306-4981-9992-E96BFECAAC93}.Debug|Any CPU.ActiveCfg = Debug|Any CPU
		{9B3C99D1-F306-4981-9992-E96BFECAAC93}.Debug|Any CPU.Build.0 = Debug|Any CPU
		{9B3C99D1-F306-4981-9992-E96BFECAAC93}.Release|Any CPU.ActiveCfg = Release|Any CPU
		{9B3C99D1-F306-4981-9992-E96BFECAAC93}.Release|Any CPU.Build.0 = Release|Any CPU
		{89B71EE2-5AC0-4A62-B9D8-8F372D77C118}.Debug|Any CPU.ActiveCfg = Debug|Any CPU
		{89B71EE2-5AC0-4A62-B9D8-8F372D77C118}.Debug|Any CPU.Build.0 = Debug|Any CPU
		{89B71EE2-5AC0-4A62-B9D8-8F372D77C118}.Release|Any CPU.ActiveCfg = Release|Any CPU
		{89B71EE2-5AC0-4A62-B9D8-8F372D77C118}.Release|Any CPU.Build.0 = Release|Any CPU
		{D5786532-969B-48D7-80CB-3DC58928F77F}.Debug|Any CPU.ActiveCfg = Debug|Any CPU
		{D5786532-969B-48D7-80CB-3DC58928F77F}.Debug|Any CPU.Build.0 = Debug|Any CPU
		{D5786532-969B-48D7-80CB-3DC58928F77F}.Release|Any CPU.ActiveCfg = Release|Any CPU
		{D5786532-969B-48D7-80CB-3DC58928F77F}.Release|Any CPU.Build.0 = Release|Any CPU
	EndGlobalSection
	GlobalSection(SolutionProperties) = preSolution
		HideSolutionNode = FALSE
	EndGlobalSection
	GlobalSection(NestedProjects) = preSolution
		{22E60C51-6E24-4B49-86D0-CF354A188873} = {1BA0BA5C-4525-41AB-8CFA-8774DDF56A34}
		{8E674189-B786-4967-87D4-F4C55D49A021} = {1BA0BA5C-4525-41AB-8CFA-8774DDF56A34}
		{BAC0EBE5-A121-427E-A270-C7243817F24E} = {1BA0BA5C-4525-41AB-8CFA-8774DDF56A34}
		{EBA1FBAE-7C67-44D6-B836-151C0ADE122E} = {1BA0BA5C-4525-41AB-8CFA-8774DDF56A34}
		{9B3C99D1-F306-4981-9992-E96BFECAAC93} = {1BA0BA5C-4525-41AB-8CFA-8774DDF56A34}
		{89B71EE2-5AC0-4A62-B9D8-8F372D77C118} = {1BA0BA5C-4525-41AB-8CFA-8774DDF56A34}
		{D5786532-969B-48D7-80CB-3DC58928F77F} = {1BA0BA5C-4525-41AB-8CFA-8774DDF56A34}
	EndGlobalSection
	GlobalSection(ExtensibilityGlobals) = postSolution
		SolutionGuid = {14244194-54DD-439F-A996-1256C78EADB1}
	EndGlobalSection
EndGlobal
